
Microsoft Visual Studio Solution File, Format Version 12.00
# Visual Studio Version 17
VisualStudioVersion = 17.9.34728.123
MinimumVisualStudioVersion = 10.0.40219.1
Project("{FAE04EC0-301F-11D3-BF4B-00C04F79EFBC}") = "ParkingFacile", "ParkingFacile\ParkingFacile.csproj", "{268C60EF-4876-486B-8BEA-97AD7ED0D1F5}"
EndProject
Global
	GlobalSection(SolutionConfigurationPlatforms) = preSolution
		Debug|Any CPU = Debug|Any CPU
		Release|Any CPU = Release|Any CPU
	EndGlobalSection
	GlobalSection(ProjectConfigurationPlatforms) = postSolution
		{268C60EF-4876-486B-8BEA-97AD7ED0D1F5}.Debug|Any CPU.ActiveCfg = Debug|Any CPU
		{268C60EF-4876-486B-8BEA-97AD7ED0D1F5}.Debug|Any CPU.Build.0 = Debug|Any CPU
		{268C60EF-4876-486B-8BEA-97AD7ED0D1F5}.Release|Any CPU.ActiveCfg = Release|Any CPU
		{268C60EF-4876-486B-8BEA-97AD7ED0D1F5}.Release|Any CPU.Build.0 = Release|Any CPU
	EndGlobalSection
	GlobalSection(SolutionProperties) = preSolution
		HideSolutionNode = FALSE
	EndGlobalSection
	GlobalSection(ExtensibilityGlobals) = postSolution
		SolutionGuid = {8C183F60-36D9-4EA9-84D7-8E9D711EC688}
	EndGlobalSection
EndGlobal
